
Microsoft Visual Studio Solution File, Format Version 12.00
# Visual Studio Version 17
VisualStudioVersion = 17.4.33213.308
MinimumVisualStudioVersion = 10.0.40219.1
Project("{FAE04EC0-301F-11D3-BF4B-00C04F79EFBC}") = "SpecFlowCalculator", "SpecFlowCalculator\SpecFlowCalculator.csproj", "{11669F51-2597-41D3-993B-B0B93FB301F7}"
EndProject
Project("{FAE04EC0-301F-11D3-BF4B-00C04F79EFBC}") = "SpecFlowCalculatorSpecs", "SpecFlowCalculatorSpecs\SpecFlowCalculatorSpecs.csproj", "{9053164D-1F90-468C-8700-C0F8BB321DDC}"
EndProject
Global
	GlobalSection(SolutionConfigurationPlatforms) = preSolution
		Debug|Any CPU = Debug|Any CPU
		Release|Any CPU = Release|Any CPU
	EndGlobalSection
	GlobalSection(ProjectConfigurationPlatforms) = postSolution
		{11669F51-2597-41D3-993B-B0B93FB301F7}.Debug|Any CPU.ActiveCfg = Debug|Any CPU
		{11669F51-2597-41D3-993B-B0B93FB301F7}.Debug|Any CPU.Build.0 = Debug|Any CPU
		{11669F51-2597-41D3-993B-B0B93FB301F7}.Release|Any CPU.ActiveCfg = Release|Any CPU
		{11669F51-2597-41D3-993B-B0B93FB301F7}.Release|Any CPU.Build.0 = Release|Any CPU
		{9053164D-1F90-468C-8700-C0F8BB321DDC}.Debug|Any CPU.ActiveCfg = Debug|Any CPU
		{9053164D-1F90-468C-8700-C0F8BB321DDC}.Debug|Any CPU.Build.0 = Debug|Any CPU
		{9053164D-1F90-468C-8700-C0F8BB321DDC}.Release|Any CPU.ActiveCfg = Release|Any CPU
		{9053164D-1F90-468C-8700-C0F8BB321DDC}.Release|Any CPU.Build.0 = Release|Any CPU
	EndGlobalSection
	GlobalSection(SolutionProperties) = preSolution
		HideSolutionNode = FALSE
	EndGlobalSection
	GlobalSection(ExtensibilityGlobals) = postSolution
		SolutionGuid = {B2520F9C-5C1F-4909-8641-620CF52AD004}
	EndGlobalSection
EndGlobal
